
Microsoft Visual Studio Solution File, Format Version 12.00
# Visual Studio Version 17
VisualStudioVersion = 17.4.33103.184
MinimumVisualStudioVersion = 10.0.40219.1
Project("{FAE04EC0-301F-11D3-BF4B-00C04F79EFBC}") = "TelerikBlazorWASMDashboard.Server", "TelerikBlazorWASMDashboard\TelerikBlazorWASMDashboard.Server.csproj", "{2A7A6DB1-6577-44DF-9D48-30C460F344D7}"
EndProject
Project("{FAE04EC0-301F-11D3-BF4B-00C04F79EFBC}") = "TelerikBlazorWASMDashboard.Client", "TelerikBlazorWASMDashboard.Client\TelerikBlazorWASMDashboard.Client.csproj", "{9F98D158-5990-4664-8BD7-660D92BD2AB9}"
EndProject
Project("{FAE04EC0-301F-11D3-BF4B-00C04F79EFBC}") = "TelerikBlazorWASMDashboard.Shared", "TelerikBlazorWASMDashboard.Shared\TelerikBlazorWASMDashboard.Shared.csproj", "{14414D16-0086-468E-AB1A-C963B5DF92EB}"
EndProject
Global
	GlobalSection(SolutionConfigurationPlatforms) = preSolution
		Debug|Any CPU = Debug|Any CPU
		Release|Any CPU = Release|Any CPU
	EndGlobalSection
	GlobalSection(ProjectConfigurationPlatforms) = postSolution
		{2A7A6DB1-6577-44DF-9D48-30C460F344D7}.Debug|Any CPU.ActiveCfg = Debug|Any CPU
		{2A7A6DB1-6577-44DF-9D48-30C460F344D7}.Debug|Any CPU.Build.0 = Debug|Any CPU
		{2A7A6DB1-6577-44DF-9D48-30C460F344D7}.Release|Any CPU.ActiveCfg = Release|Any CPU
		{2A7A6DB1-6577-44DF-9D48-30C460F344D7}.Release|Any CPU.Build.0 = Release|Any CPU
		{9F98D158-5990-4664-8BD7-660D92BD2AB9}.Debug|Any CPU.ActiveCfg = Debug|Any CPU
		{9F98D158-5990-4664-8BD7-660D92BD2AB9}.Debug|Any CPU.Build.0 = Debug|Any CPU
		{9F98D158-5990-4664-8BD7-660D92BD2AB9}.Release|Any CPU.ActiveCfg = Release|Any CPU
		{9F98D158-5990-4664-8BD7-660D92BD2AB9}.Release|Any CPU.Build.0 = Release|Any CPU
		{14414D16-0086-468E-AB1A-C963B5DF92EB}.Debug|Any CPU.ActiveCfg = Debug|Any CPU
		{14414D16-0086-468E-AB1A-C963B5DF92EB}.Debug|Any CPU.Build.0 = Debug|Any CPU
		{14414D16-0086-468E-AB1A-C963B5DF92EB}.Release|Any CPU.ActiveCfg = Release|Any CPU
		{14414D16-0086-468E-AB1A-C963B5DF92EB}.Release|Any CPU.Build.0 = Release|Any CPU
	EndGlobalSection
	GlobalSection(SolutionProperties) = preSolution
		HideSolutionNode = FALSE
	EndGlobalSection
	GlobalSection(ExtensibilityGlobals) = postSolution
		SolutionGuid = {7045686C-CE3D-4876-87AA-430095E89E5C}
	EndGlobalSection
EndGlobal
