
Microsoft Visual Studio Solution File, Format Version 12.00
# Visual Studio Version 16
VisualStudioVersion = 16.0.29430.225
MinimumVisualStudioVersion = 10.0.40219.1
Project("{9A19103F-16F7-4668-BE54-9A1E7A4F7556}") = "BlazorInRazorPages", "BlazorInRazorPages.csproj", "{7A70E9A3-A580-478A-96C5-67F4D31C219E}"
EndProject
Global
	GlobalSection(SolutionConfigurationPlatforms) = preSolution
		Debug|Any CPU = Debug|Any CPU
		Release|Any CPU = Release|Any CPU
	EndGlobalSection
	GlobalSection(ProjectConfigurationPlatforms) = postSolution
		{7A70E9A3-A580-478A-96C5-67F4D31C219E}.Debug|Any CPU.ActiveCfg = Debug|Any CPU
		{7A70E9A3-A580-478A-96C5-67F4D31C219E}.Debug|Any CPU.Build.0 = Debug|Any CPU
		{7A70E9A3-A580-478A-96C5-67F4D31C219E}.Release|Any CPU.ActiveCfg = Release|Any CPU
		{7A70E9A3-A580-478A-96C5-67F4D31C219E}.Release|Any CPU.Build.0 = Release|Any CPU
	EndGlobalSection
	GlobalSection(SolutionProperties) = preSolution
		HideSolutionNode = FALSE
	EndGlobalSection
	GlobalSection(ExtensibilityGlobals) = postSolution
		SolutionGuid = {9FBA8CEB-C234-41AD-9A36-94BD02E7B076}
	EndGlobalSection
EndGlobal
