
Microsoft Visual Studio Solution File, Format Version 12.00
# Visual Studio Version 16
VisualStudioVersion = 16.0.29505.145
MinimumVisualStudioVersion = 10.0.40219.1
Project("{FAE04EC0-301F-11D3-BF4B-00C04F79EFBC}") = "GrpcUsers", "GrpcUsers.csproj", "{1F5A516D-0B7C-42D9-A9DA-DBA133E3A701}"
EndProject
Global
	GlobalSection(SolutionConfigurationPlatforms) = preSolution
		Debug|Any CPU = Debug|Any CPU
		Release|Any CPU = Release|Any CPU
	EndGlobalSection
	GlobalSection(ProjectConfigurationPlatforms) = postSolution
		{1F5A516D-0B7C-42D9-A9DA-DBA133E3A701}.Debug|Any CPU.ActiveCfg = Debug|Any CPU
		{1F5A516D-0B7C-42D9-A9DA-DBA133E3A701}.Debug|Any CPU.Build.0 = Debug|Any CPU
		{1F5A516D-0B7C-42D9-A9DA-DBA133E3A701}.Release|Any CPU.ActiveCfg = Release|Any CPU
		{1F5A516D-0B7C-42D9-A9DA-DBA133E3A701}.Release|Any CPU.Build.0 = Release|Any CPU
	EndGlobalSection
	GlobalSection(SolutionProperties) = preSolution
		HideSolutionNode = FALSE
	EndGlobalSection
	GlobalSection(ExtensibilityGlobals) = postSolution
		SolutionGuid = {373322E6-0D95-4048-B4E8-CB94903CAD2E}
	EndGlobalSection
EndGlobal
