Microsoft Visual Studio Solution File, Format Version 12.00
# Visual Studio Version 17
VisualStudioVersion = 17.5.2.0
MinimumVisualStudioVersion = 10.0.40219.1
Project("{FAE04EC0-301F-11D3-BF4B-00C04F79EFBC}") = "SpeechToTextIntegration", "SpeechToTextIntegration.csproj", "{C2EFC6C2-5577-639C-E22F-BCDB624F480B}"
EndProject
Global
	GlobalSection(SolutionConfigurationPlatforms) = preSolution
		Debug|Any CPU = Debug|Any CPU
		Release|Any CPU = Release|Any CPU
	EndGlobalSection
	GlobalSection(ProjectConfigurationPlatforms) = postSolution
		{C2EFC6C2-5577-639C-E22F-BCDB624F480B}.Debug|Any CPU.ActiveCfg = Debug|Any CPU
		{C2EFC6C2-5577-639C-E22F-BCDB624F480B}.Debug|Any CPU.Build.0 = Debug|Any CPU
		{C2EFC6C2-5577-639C-E22F-BCDB624F480B}.Release|Any CPU.ActiveCfg = Release|Any CPU
		{C2EFC6C2-5577-639C-E22F-BCDB624F480B}.Release|Any CPU.Build.0 = Release|Any CPU
	EndGlobalSection
	GlobalSection(SolutionProperties) = preSolution
		HideSolutionNode = FALSE
	EndGlobalSection
	GlobalSection(ExtensibilityGlobals) = postSolution
		SolutionGuid = {747CED17-1D0A-41CB-AC2B-33ADE302A11F}
	EndGlobalSection
EndGlobal
