
Microsoft Visual Studio Solution File, Format Version 12.00
# Visual Studio Version 16
VisualStudioVersion = 16.0.30517.126
MinimumVisualStudioVersion = 10.0.40219.1
Project("{FAE04EC0-301F-11D3-BF4B-00C04F79EFBC}") = "ValidationExamples", "ValidationExamples\ValidationExamples.csproj", "{55A2D6E3-4A97-474A-BF2E-3928D49F096D}"
EndProject
Global
	GlobalSection(SolutionConfigurationPlatforms) = preSolution
		Debug|Any CPU = Debug|Any CPU
		Release|Any CPU = Release|Any CPU
	EndGlobalSection
	GlobalSection(ProjectConfigurationPlatforms) = postSolution
		{55A2D6E3-4A97-474A-BF2E-3928D49F096D}.Debug|Any CPU.ActiveCfg = Debug|Any CPU
		{55A2D6E3-4A97-474A-BF2E-3928D49F096D}.Debug|Any CPU.Build.0 = Debug|Any CPU
		{55A2D6E3-4A97-474A-BF2E-3928D49F096D}.Release|Any CPU.ActiveCfg = Release|Any CPU
		{55A2D6E3-4A97-474A-BF2E-3928D49F096D}.Release|Any CPU.Build.0 = Release|Any CPU
	EndGlobalSection
	GlobalSection(SolutionProperties) = preSolution
		HideSolutionNode = FALSE
	EndGlobalSection
	GlobalSection(ExtensibilityGlobals) = postSolution
		SolutionGuid = {00FC26FB-D1A7-4E68-990F-90EF5BD808F3}
	EndGlobalSection
EndGlobal
