
Microsoft Visual Studio Solution File, Format Version 12.00
# Visual Studio Version 17
VisualStudioVersion = 17.4.33103.184
MinimumVisualStudioVersion = 10.0.40219.1
Project("{FAE04EC0-301F-11D3-BF4B-00C04F79EFBC}") = "TelerikBlazorServerDashboard", "TelerikBlazorServerDashboard\TelerikBlazorServerDashboard.csproj", "{224A7B40-F4EB-4423-A253-C1E1F357D261}"
EndProject
Global
	GlobalSection(SolutionConfigurationPlatforms) = preSolution
		Debug|Any CPU = Debug|Any CPU
		Release|Any CPU = Release|Any CPU
	EndGlobalSection
	GlobalSection(ProjectConfigurationPlatforms) = postSolution
		{224A7B40-F4EB-4423-A253-C1E1F357D261}.Debug|Any CPU.ActiveCfg = Debug|Any CPU
		{224A7B40-F4EB-4423-A253-C1E1F357D261}.Debug|Any CPU.Build.0 = Debug|Any CPU
		{224A7B40-F4EB-4423-A253-C1E1F357D261}.Release|Any CPU.ActiveCfg = Release|Any CPU
		{224A7B40-F4EB-4423-A253-C1E1F357D261}.Release|Any CPU.Build.0 = Release|Any CPU
	EndGlobalSection
	GlobalSection(SolutionProperties) = preSolution
		HideSolutionNode = FALSE
	EndGlobalSection
	GlobalSection(ExtensibilityGlobals) = postSolution
		SolutionGuid = {CD0603D4-7E3E-4DF8-A30F-6BCF26BADA5C}
	EndGlobalSection
EndGlobal
