
Microsoft Visual Studio Solution File, Format Version 12.00
# Visual Studio Version 16
VisualStudioVersion = 16.0.28711.60
MinimumVisualStudioVersion = 10.0.40219.1
Project("{9A19103F-16F7-4668-BE54-9A1E7A4F7556}") = "TelerikBlazor.Server", "TelerikBlazor.Server\TelerikBlazor.Server.csproj", "{DDFB771E-5733-40F3-B9D4-844501100BBC}"
EndProject
Project("{9A19103F-16F7-4668-BE54-9A1E7A4F7556}") = "TelerikBlazor.Client", "TelerikBlazor.Client\TelerikBlazor.Client.csproj", "{F1B213CF-C781-4C1A-8692-63D8E978AD3E}"
EndProject
Project("{9A19103F-16F7-4668-BE54-9A1E7A4F7556}") = "TelerikBlazor.Shared", "TelerikBlazor.Shared\TelerikBlazor.Shared.csproj", "{7A77AA19-B538-491A-B701-76F9A1E5A02A}"
EndProject
Global
	GlobalSection(SolutionConfigurationPlatforms) = preSolution
		Debug|Any CPU = Debug|Any CPU
		Release|Any CPU = Release|Any CPU
	EndGlobalSection
	GlobalSection(ProjectConfigurationPlatforms) = postSolution
		{DDFB771E-5733-40F3-B9D4-844501100BBC}.Debug|Any CPU.ActiveCfg = Debug|Any CPU
		{DDFB771E-5733-40F3-B9D4-844501100BBC}.Debug|Any CPU.Build.0 = Debug|Any CPU
		{DDFB771E-5733-40F3-B9D4-844501100BBC}.Release|Any CPU.ActiveCfg = Release|Any CPU
		{DDFB771E-5733-40F3-B9D4-844501100BBC}.Release|Any CPU.Build.0 = Release|Any CPU
		{F1B213CF-C781-4C1A-8692-63D8E978AD3E}.Debug|Any CPU.ActiveCfg = Debug|Any CPU
		{F1B213CF-C781-4C1A-8692-63D8E978AD3E}.Debug|Any CPU.Build.0 = Debug|Any CPU
		{F1B213CF-C781-4C1A-8692-63D8E978AD3E}.Release|Any CPU.ActiveCfg = Release|Any CPU
		{F1B213CF-C781-4C1A-8692-63D8E978AD3E}.Release|Any CPU.Build.0 = Release|Any CPU
		{7A77AA19-B538-491A-B701-76F9A1E5A02A}.Debug|Any CPU.ActiveCfg = Debug|Any CPU
		{7A77AA19-B538-491A-B701-76F9A1E5A02A}.Debug|Any CPU.Build.0 = Debug|Any CPU
		{7A77AA19-B538-491A-B701-76F9A1E5A02A}.Release|Any CPU.ActiveCfg = Release|Any CPU
		{7A77AA19-B538-491A-B701-76F9A1E5A02A}.Release|Any CPU.Build.0 = Release|Any CPU
	EndGlobalSection
	GlobalSection(SolutionProperties) = preSolution
		HideSolutionNode = FALSE
	EndGlobalSection
	GlobalSection(ExtensibilityGlobals) = postSolution
		SolutionGuid = {20A3C117-5588-42D2-9026-A6712D32DA50}
	EndGlobalSection
EndGlobal
