
Microsoft Visual Studio Solution File, Format Version 12.00
# Visual Studio Version 16
VisualStudioVersion = 16.0.30503.244
MinimumVisualStudioVersion = 10.0.40219.1
Project("{FAE04EC0-301F-11D3-BF4B-00C04F79EFBC}") = "RemoteValidationWasm.Server", "RemoteValidationWasm\Server\RemoteValidationWasm.Server.csproj", "{C866AC6E-1484-4D7C-BFE8-58BA0B982792}"
EndProject
Project("{FAE04EC0-301F-11D3-BF4B-00C04F79EFBC}") = "RemoteValidationWasm.Client", "RemoteValidationWasm\Client\RemoteValidationWasm.Client.csproj", "{EFC31242-8807-455B-9971-279386C589A7}"
EndProject
Project("{FAE04EC0-301F-11D3-BF4B-00C04F79EFBC}") = "RemoteValidationWasm.Shared", "RemoteValidationWasm\Shared\RemoteValidationWasm.Shared.csproj", "{52848836-1EC9-413C-8326-B2CFF833A4B7}"
EndProject
Global
	GlobalSection(SolutionConfigurationPlatforms) = preSolution
		Debug|Any CPU = Debug|Any CPU
		Release|Any CPU = Release|Any CPU
	EndGlobalSection
	GlobalSection(ProjectConfigurationPlatforms) = postSolution
		{C866AC6E-1484-4D7C-BFE8-58BA0B982792}.Debug|Any CPU.ActiveCfg = Debug|Any CPU
		{C866AC6E-1484-4D7C-BFE8-58BA0B982792}.Debug|Any CPU.Build.0 = Debug|Any CPU
		{C866AC6E-1484-4D7C-BFE8-58BA0B982792}.Release|Any CPU.ActiveCfg = Release|Any CPU
		{C866AC6E-1484-4D7C-BFE8-58BA0B982792}.Release|Any CPU.Build.0 = Release|Any CPU
		{EFC31242-8807-455B-9971-279386C589A7}.Debug|Any CPU.ActiveCfg = Debug|Any CPU
		{EFC31242-8807-455B-9971-279386C589A7}.Debug|Any CPU.Build.0 = Debug|Any CPU
		{EFC31242-8807-455B-9971-279386C589A7}.Release|Any CPU.ActiveCfg = Release|Any CPU
		{EFC31242-8807-455B-9971-279386C589A7}.Release|Any CPU.Build.0 = Release|Any CPU
		{52848836-1EC9-413C-8326-B2CFF833A4B7}.Debug|Any CPU.ActiveCfg = Debug|Any CPU
		{52848836-1EC9-413C-8326-B2CFF833A4B7}.Debug|Any CPU.Build.0 = Debug|Any CPU
		{52848836-1EC9-413C-8326-B2CFF833A4B7}.Release|Any CPU.ActiveCfg = Release|Any CPU
		{52848836-1EC9-413C-8326-B2CFF833A4B7}.Release|Any CPU.Build.0 = Release|Any CPU
	EndGlobalSection
	GlobalSection(SolutionProperties) = preSolution
		HideSolutionNode = FALSE
	EndGlobalSection
	GlobalSection(ExtensibilityGlobals) = postSolution
		SolutionGuid = {DF2B7199-6687-44A3-BC70-4E089E8FC33C}
	EndGlobalSection
EndGlobal
