
Microsoft Visual Studio Solution File, Format Version 12.00
# Visual Studio Version 16
VisualStudioVersion = 16.0.30104.148
MinimumVisualStudioVersion = 10.0.40219.1
Project("{FAE04EC0-301F-11D3-BF4B-00C04F79EFBC}") = "template", "template\template.csproj", "{D2B3F6A7-7318-41FF-9F4A-06744FE90D2E}"
EndProject
Global
	GlobalSection(SolutionConfigurationPlatforms) = preSolution
		Debug|Any CPU = Debug|Any CPU
		Release|Any CPU = Release|Any CPU
	EndGlobalSection
	GlobalSection(ProjectConfigurationPlatforms) = postSolution
		{D2B3F6A7-7318-41FF-9F4A-06744FE90D2E}.Debug|Any CPU.ActiveCfg = Debug|Any CPU
		{D2B3F6A7-7318-41FF-9F4A-06744FE90D2E}.Debug|Any CPU.Build.0 = Debug|Any CPU
		{D2B3F6A7-7318-41FF-9F4A-06744FE90D2E}.Release|Any CPU.ActiveCfg = Release|Any CPU
		{D2B3F6A7-7318-41FF-9F4A-06744FE90D2E}.Release|Any CPU.Build.0 = Release|Any CPU
	EndGlobalSection
	GlobalSection(SolutionProperties) = preSolution
		HideSolutionNode = FALSE
	EndGlobalSection
	GlobalSection(ExtensibilityGlobals) = postSolution
		SolutionGuid = {8559BA42-36D1-4F2F-9F96-6F32D58FF549}
	EndGlobalSection
EndGlobal
