
Microsoft Visual Studio Solution File, Format Version 12.00
# Visual Studio Version 17
VisualStudioVersion = 17.10.35027.167
MinimumVisualStudioVersion = 10.0.40219.1
Project("{FAE04EC0-301F-11D3-BF4B-00C04F79EFBC}") = "sidenav", "sidenav.csproj", "{9C0DD6A8-0499-4F6F-8B16-2BD8BEC0696B}"
EndProject
Global
	GlobalSection(SolutionConfigurationPlatforms) = preSolution
		Debug|Any CPU = Debug|Any CPU
		Release|Any CPU = Release|Any CPU
	EndGlobalSection
	GlobalSection(ProjectConfigurationPlatforms) = postSolution
		{9C0DD6A8-0499-4F6F-8B16-2BD8BEC0696B}.Debug|Any CPU.ActiveCfg = Debug|Any CPU
		{9C0DD6A8-0499-4F6F-8B16-2BD8BEC0696B}.Debug|Any CPU.Build.0 = Debug|Any CPU
		{9C0DD6A8-0499-4F6F-8B16-2BD8BEC0696B}.Release|Any CPU.ActiveCfg = Release|Any CPU
		{9C0DD6A8-0499-4F6F-8B16-2BD8BEC0696B}.Release|Any CPU.Build.0 = Release|Any CPU
	EndGlobalSection
	GlobalSection(SolutionProperties) = preSolution
		HideSolutionNode = FALSE
	EndGlobalSection
	GlobalSection(ExtensibilityGlobals) = postSolution
		SolutionGuid = {71D46AD0-72E7-4F3F-8DCD-280827978952}
	EndGlobalSection
EndGlobal
