
Microsoft Visual Studio Solution File, Format Version 12.00
# Visual Studio Version 16
VisualStudioVersion = 16.0.29505.145
MinimumVisualStudioVersion = 10.0.40219.1
Project("{FAE04EC0-301F-11D3-BF4B-00C04F79EFBC}") = "GrpcClientUsers", "GrpcClientUsers.csproj", "{3104A177-23AC-480C-B5DF-EA9A6B6C8954}"
EndProject
Global
	GlobalSection(SolutionConfigurationPlatforms) = preSolution
		Debug|Any CPU = Debug|Any CPU
		Release|Any CPU = Release|Any CPU
	EndGlobalSection
	GlobalSection(ProjectConfigurationPlatforms) = postSolution
		{3104A177-23AC-480C-B5DF-EA9A6B6C8954}.Debug|Any CPU.ActiveCfg = Debug|Any CPU
		{3104A177-23AC-480C-B5DF-EA9A6B6C8954}.Debug|Any CPU.Build.0 = Debug|Any CPU
		{3104A177-23AC-480C-B5DF-EA9A6B6C8954}.Release|Any CPU.ActiveCfg = Release|Any CPU
		{3104A177-23AC-480C-B5DF-EA9A6B6C8954}.Release|Any CPU.Build.0 = Release|Any CPU
	EndGlobalSection
	GlobalSection(SolutionProperties) = preSolution
		HideSolutionNode = FALSE
	EndGlobalSection
	GlobalSection(ExtensibilityGlobals) = postSolution
		SolutionGuid = {41B69520-3E73-417E-A689-6B6DCEB697C8}
	EndGlobalSection
EndGlobal
