
Microsoft Visual Studio Solution File, Format Version 12.00
# Visual Studio Version 16
VisualStudioVersion = 16.0.31515.178
MinimumVisualStudioVersion = 10.0.40219.1
Project("{FAE04EC0-301F-11D3-BF4B-00C04F79EFBC}") = "scroll_to_selected_row", "scroll-to-selected-row\scroll_to_selected_row.csproj", "{C1081687-DE9D-4B61-8665-06A7BE826075}"
EndProject
Global
	GlobalSection(SolutionConfigurationPlatforms) = preSolution
		Debug|Any CPU = Debug|Any CPU
		Release|Any CPU = Release|Any CPU
	EndGlobalSection
	GlobalSection(ProjectConfigurationPlatforms) = postSolution
		{C1081687-DE9D-4B61-8665-06A7BE826075}.Debug|Any CPU.ActiveCfg = Debug|Any CPU
		{C1081687-DE9D-4B61-8665-06A7BE826075}.Debug|Any CPU.Build.0 = Debug|Any CPU
		{C1081687-DE9D-4B61-8665-06A7BE826075}.Release|Any CPU.ActiveCfg = Release|Any CPU
		{C1081687-DE9D-4B61-8665-06A7BE826075}.Release|Any CPU.Build.0 = Release|Any CPU
	EndGlobalSection
	GlobalSection(SolutionProperties) = preSolution
		HideSolutionNode = FALSE
	EndGlobalSection
	GlobalSection(ExtensibilityGlobals) = postSolution
		SolutionGuid = {7628A00F-102A-488D-991B-E3DADE0268FC}
	EndGlobalSection
EndGlobal
