
Microsoft Visual Studio Solution File, Format Version 12.00
# Visual Studio Version 16
VisualStudioVersion = 16.0.30804.86
MinimumVisualStudioVersion = 10.0.40219.1
Project("{FAE04EC0-301F-11D3-BF4B-00C04F79EFBC}") = "appointment_context_menu", "appointment_context_menu.csproj", "{BE333DBB-A629-475C-A5FD-BBBD0B076676}"
EndProject
Global
	GlobalSection(SolutionConfigurationPlatforms) = preSolution
		Debug|Any CPU = Debug|Any CPU
		Release|Any CPU = Release|Any CPU
	EndGlobalSection
	GlobalSection(ProjectConfigurationPlatforms) = postSolution
		{BE333DBB-A629-475C-A5FD-BBBD0B076676}.Debug|Any CPU.ActiveCfg = Debug|Any CPU
		{BE333DBB-A629-475C-A5FD-BBBD0B076676}.Debug|Any CPU.Build.0 = Debug|Any CPU
		{BE333DBB-A629-475C-A5FD-BBBD0B076676}.Release|Any CPU.ActiveCfg = Release|Any CPU
		{BE333DBB-A629-475C-A5FD-BBBD0B076676}.Release|Any CPU.Build.0 = Release|Any CPU
	EndGlobalSection
	GlobalSection(SolutionProperties) = preSolution
		HideSolutionNode = FALSE
	EndGlobalSection
	GlobalSection(ExtensibilityGlobals) = postSolution
		SolutionGuid = {A47D4685-36AB-4CEF-86DB-18CB8A568F2F}
	EndGlobalSection
EndGlobal
