
Microsoft Visual Studio Solution File, Format Version 12.00
# Visual Studio Version 16
VisualStudioVersion = 16.0.31515.178
MinimumVisualStudioVersion = 10.0.40219.1
Project("{FAE04EC0-301F-11D3-BF4B-00C04F79EFBC}") = "StateInProtectedBrowserStorage", "StateInProtectedBrowserStorage\StateInProtectedBrowserStorage.csproj", "{AB9E3192-FB19-4698-B9B3-CE0062861C16}"
EndProject
Global
	GlobalSection(SolutionConfigurationPlatforms) = preSolution
		Debug|Any CPU = Debug|Any CPU
		Release|Any CPU = Release|Any CPU
	EndGlobalSection
	GlobalSection(ProjectConfigurationPlatforms) = postSolution
		{AB9E3192-FB19-4698-B9B3-CE0062861C16}.Debug|Any CPU.ActiveCfg = Debug|Any CPU
		{AB9E3192-FB19-4698-B9B3-CE0062861C16}.Debug|Any CPU.Build.0 = Debug|Any CPU
		{AB9E3192-FB19-4698-B9B3-CE0062861C16}.Release|Any CPU.ActiveCfg = Release|Any CPU
		{AB9E3192-FB19-4698-B9B3-CE0062861C16}.Release|Any CPU.Build.0 = Release|Any CPU
	EndGlobalSection
	GlobalSection(SolutionProperties) = preSolution
		HideSolutionNode = FALSE
	EndGlobalSection
	GlobalSection(ExtensibilityGlobals) = postSolution
		SolutionGuid = {487B57C1-85A1-48B3-82A6-B67E2BD5E2EA}
	EndGlobalSection
EndGlobal
