
Microsoft Visual Studio Solution File, Format Version 12.00
# Visual Studio Version 16
VisualStudioVersion = 16.0.31019.35
MinimumVisualStudioVersion = 10.0.40219.1
Project("{FAE04EC0-301F-11D3-BF4B-00C04F79EFBC}") = "responsive_form", "responsive-form\responsive_form.csproj", "{2C1B67F0-1B46-44E6-B485-C138140E1304}"
EndProject
Global
	GlobalSection(SolutionConfigurationPlatforms) = preSolution
		Debug|Any CPU = Debug|Any CPU
		Release|Any CPU = Release|Any CPU
	EndGlobalSection
	GlobalSection(ProjectConfigurationPlatforms) = postSolution
		{2C1B67F0-1B46-44E6-B485-C138140E1304}.Debug|Any CPU.ActiveCfg = Debug|Any CPU
		{2C1B67F0-1B46-44E6-B485-C138140E1304}.Debug|Any CPU.Build.0 = Debug|Any CPU
		{2C1B67F0-1B46-44E6-B485-C138140E1304}.Release|Any CPU.ActiveCfg = Release|Any CPU
		{2C1B67F0-1B46-44E6-B485-C138140E1304}.Release|Any CPU.Build.0 = Release|Any CPU
	EndGlobalSection
	GlobalSection(SolutionProperties) = preSolution
		HideSolutionNode = FALSE
	EndGlobalSection
	GlobalSection(ExtensibilityGlobals) = postSolution
		SolutionGuid = {4066B954-F4FF-4DF5-9FF0-B1FCD13D8A30}
	EndGlobalSection
EndGlobal
