
Microsoft Visual Studio Solution File, Format Version 12.00
# Visual Studio Version 17
VisualStudioVersion = 17.14.36109.1 d17.14
MinimumVisualStudioVersion = 10.0.40219.1
Project("{FAE04EC0-301F-11D3-BF4B-00C04F79EFBC}") = "SpeechToTextIntegration", "SpeechToTextIntegration\SpeechToTextIntegration.csproj", "{3F2BEC52-4F23-42C6-8791-3DC6CA813DB1}"
EndProject
Project("{FAE04EC0-301F-11D3-BF4B-00C04F79EFBC}") = "Telerik.Blazor", "..\..\..\..\blazor\Telerik.Blazor\Telerik.Blazor.csproj", "{AF9263B3-0FD2-6644-74FE-84A802165E95}"
EndProject
Global
	GlobalSection(SolutionConfigurationPlatforms) = preSolution
		Debug|Any CPU = Debug|Any CPU
		Release|Any CPU = Release|Any CPU
	EndGlobalSection
	GlobalSection(ProjectConfigurationPlatforms) = postSolution
		{3F2BEC52-4F23-42C6-8791-3DC6CA813DB1}.Debug|Any CPU.ActiveCfg = Debug|Any CPU
		{3F2BEC52-4F23-42C6-8791-3DC6CA813DB1}.Debug|Any CPU.Build.0 = Debug|Any CPU
		{3F2BEC52-4F23-42C6-8791-3DC6CA813DB1}.Release|Any CPU.ActiveCfg = Release|Any CPU
		{3F2BEC52-4F23-42C6-8791-3DC6CA813DB1}.Release|Any CPU.Build.0 = Release|Any CPU
		{AF9263B3-0FD2-6644-74FE-84A802165E95}.Debug|Any CPU.ActiveCfg = Debug|Any CPU
		{AF9263B3-0FD2-6644-74FE-84A802165E95}.Debug|Any CPU.Build.0 = Debug|Any CPU
		{AF9263B3-0FD2-6644-74FE-84A802165E95}.Release|Any CPU.ActiveCfg = Release|Any CPU
		{AF9263B3-0FD2-6644-74FE-84A802165E95}.Release|Any CPU.Build.0 = Release|Any CPU
	EndGlobalSection
	GlobalSection(SolutionProperties) = preSolution
		HideSolutionNode = FALSE
	EndGlobalSection
	GlobalSection(ExtensibilityGlobals) = postSolution
		SolutionGuid = {1E0CB172-1F2C-4A5B-8DC3-67C1D8A23B53}
	EndGlobalSection
EndGlobal
