
Microsoft Visual Studio Solution File, Format Version 12.00
# Visual Studio Version 16
VisualStudioVersion = 16.0.29021.104
MinimumVisualStudioVersion = 10.0.40219.1
Project("{FAE04EC0-301F-11D3-BF4B-00C04F79EFBC}") = "BlazorDashboard", "BlazorDashboard\BlazorDashboard.csproj", "{879DBA0B-DB9C-4FFC-BAC7-21CD2C8931F4}"
EndProject
Global
	GlobalSection(SolutionConfigurationPlatforms) = preSolution
		Debug|Any CPU = Debug|Any CPU
		Release|Any CPU = Release|Any CPU
	EndGlobalSection
	GlobalSection(ProjectConfigurationPlatforms) = postSolution
		{879DBA0B-DB9C-4FFC-BAC7-21CD2C8931F4}.Debug|Any CPU.ActiveCfg = Debug|Any CPU
		{879DBA0B-DB9C-4FFC-BAC7-21CD2C8931F4}.Debug|Any CPU.Build.0 = Debug|Any CPU
		{879DBA0B-DB9C-4FFC-BAC7-21CD2C8931F4}.Release|Any CPU.ActiveCfg = Release|Any CPU
		{879DBA0B-DB9C-4FFC-BAC7-21CD2C8931F4}.Release|Any CPU.Build.0 = Release|Any CPU
	EndGlobalSection
	GlobalSection(SolutionProperties) = preSolution
		HideSolutionNode = FALSE
	EndGlobalSection
	GlobalSection(ExtensibilityGlobals) = postSolution
		SolutionGuid = {A343BFA9-048E-4897-BDA8-5BDDC8E63FB8}
	EndGlobalSection
EndGlobal
