
Microsoft Visual Studio Solution File, Format Version 12.00
# Visual Studio Version 16
VisualStudioVersion = 16.0.30028.174
MinimumVisualStudioVersion = 10.0.40219.1
Project("{FAE04EC0-301F-11D3-BF4B-00C04F79EFBC}") = "ICS_Data_Convertion", "ICS_Data_Convertion\ICS_Data_Convertion.csproj", "{08EE7DC7-BE8A-42DA-B9C7-58482CE05656}"
EndProject
Global
	GlobalSection(SolutionConfigurationPlatforms) = preSolution
		Debug|Any CPU = Debug|Any CPU
		Release|Any CPU = Release|Any CPU
	EndGlobalSection
	GlobalSection(ProjectConfigurationPlatforms) = postSolution
		{08EE7DC7-BE8A-42DA-B9C7-58482CE05656}.Debug|Any CPU.ActiveCfg = Debug|Any CPU
		{08EE7DC7-BE8A-42DA-B9C7-58482CE05656}.Debug|Any CPU.Build.0 = Debug|Any CPU
		{08EE7DC7-BE8A-42DA-B9C7-58482CE05656}.Release|Any CPU.ActiveCfg = Release|Any CPU
		{08EE7DC7-BE8A-42DA-B9C7-58482CE05656}.Release|Any CPU.Build.0 = Release|Any CPU
	EndGlobalSection
	GlobalSection(SolutionProperties) = preSolution
		HideSolutionNode = FALSE
	EndGlobalSection
	GlobalSection(ExtensibilityGlobals) = postSolution
		SolutionGuid = {FF50A80F-C083-4223-82F8-557652F30E94}
	EndGlobalSection
EndGlobal
