
Microsoft Visual Studio Solution File, Format Version 12.00
# Visual Studio Version 16
VisualStudioVersion = 16.0.30804.86
MinimumVisualStudioVersion = 10.0.40219.1
Project("{9A19103F-16F7-4668-BE54-9A1E7A4F7556}") = "gRPCsample.Server", "gRPCsample\Server\gRPCsample.Server.csproj", "{536B6E3F-F5BC-4DFC-A19A-5A7C674EC5A6}"
EndProject
Project("{9A19103F-16F7-4668-BE54-9A1E7A4F7556}") = "gRPCsample.Client", "gRPCsample\Client\gRPCsample.Client.csproj", "{BB85355A-27AD-4B61-A3C6-A183D5BA945D}"
EndProject
Project("{9A19103F-16F7-4668-BE54-9A1E7A4F7556}") = "gRPCsample.Shared", "gRPCsample\Shared\gRPCsample.Shared.csproj", "{4214356F-4FC3-4EBF-ABED-3834C94DC81D}"
EndProject
Global
	GlobalSection(SolutionConfigurationPlatforms) = preSolution
		Debug|Any CPU = Debug|Any CPU
		Release|Any CPU = Release|Any CPU
	EndGlobalSection
	GlobalSection(ProjectConfigurationPlatforms) = postSolution
		{536B6E3F-F5BC-4DFC-A19A-5A7C674EC5A6}.Debug|Any CPU.ActiveCfg = Debug|Any CPU
		{536B6E3F-F5BC-4DFC-A19A-5A7C674EC5A6}.Debug|Any CPU.Build.0 = Debug|Any CPU
		{536B6E3F-F5BC-4DFC-A19A-5A7C674EC5A6}.Release|Any CPU.ActiveCfg = Release|Any CPU
		{536B6E3F-F5BC-4DFC-A19A-5A7C674EC5A6}.Release|Any CPU.Build.0 = Release|Any CPU
		{BB85355A-27AD-4B61-A3C6-A183D5BA945D}.Debug|Any CPU.ActiveCfg = Debug|Any CPU
		{BB85355A-27AD-4B61-A3C6-A183D5BA945D}.Debug|Any CPU.Build.0 = Debug|Any CPU
		{BB85355A-27AD-4B61-A3C6-A183D5BA945D}.Release|Any CPU.ActiveCfg = Release|Any CPU
		{BB85355A-27AD-4B61-A3C6-A183D5BA945D}.Release|Any CPU.Build.0 = Release|Any CPU
		{4214356F-4FC3-4EBF-ABED-3834C94DC81D}.Debug|Any CPU.ActiveCfg = Debug|Any CPU
		{4214356F-4FC3-4EBF-ABED-3834C94DC81D}.Debug|Any CPU.Build.0 = Debug|Any CPU
		{4214356F-4FC3-4EBF-ABED-3834C94DC81D}.Release|Any CPU.ActiveCfg = Release|Any CPU
		{4214356F-4FC3-4EBF-ABED-3834C94DC81D}.Release|Any CPU.Build.0 = Release|Any CPU
	EndGlobalSection
	GlobalSection(SolutionProperties) = preSolution
		HideSolutionNode = FALSE
	EndGlobalSection
	GlobalSection(ExtensibilityGlobals) = postSolution
		SolutionGuid = {75696A20-E57C-4487-994E-8A5ECFDC31BF}
	EndGlobalSection
EndGlobal
