
Microsoft Visual Studio Solution File, Format Version 12.00
# Visual Studio Version 16
VisualStudioVersion = 16.0.30717.126
MinimumVisualStudioVersion = 10.0.40219.1
Project("{9A19103F-16F7-4668-BE54-9A1E7A4F7556}") = "ServerPdfExport.Server", "Server\ServerPdfExport.Server.csproj", "{708391BA-7C83-40BF-BFAA-DFA138E0C5D2}"
EndProject
Project("{9A19103F-16F7-4668-BE54-9A1E7A4F7556}") = "ServerPdfExport.Client", "Client\ServerPdfExport.Client.csproj", "{FE8753C4-8165-4F25-8569-CCC789DE697C}"
EndProject
Project("{9A19103F-16F7-4668-BE54-9A1E7A4F7556}") = "ServerPdfExport.Shared", "Shared\ServerPdfExport.Shared.csproj", "{76DE134F-BA74-4CE8-B4D0-96B6F9B8B822}"
EndProject
Project("{9A19103F-16F7-4668-BE54-9A1E7A4F7556}") = "PdfExport", "PdfExport\PdfExport.csproj", "{D9244815-1A33-4DB9-BF1E-31FE53DA29D0}"
EndProject
Project("{FAE04EC0-301F-11D3-BF4B-00C04F79EFBC}") = "ServerSideSample", "ServerSideSample\ServerSideSample.csproj", "{491FC617-2E24-410F-B620-977A6C283E5C}"
EndProject
Global
	GlobalSection(SolutionConfigurationPlatforms) = preSolution
		Debug|Any CPU = Debug|Any CPU
		Release|Any CPU = Release|Any CPU
	EndGlobalSection
	GlobalSection(ProjectConfigurationPlatforms) = postSolution
		{708391BA-7C83-40BF-BFAA-DFA138E0C5D2}.Debug|Any CPU.ActiveCfg = Debug|Any CPU
		{708391BA-7C83-40BF-BFAA-DFA138E0C5D2}.Debug|Any CPU.Build.0 = Debug|Any CPU
		{708391BA-7C83-40BF-BFAA-DFA138E0C5D2}.Release|Any CPU.ActiveCfg = Release|Any CPU
		{708391BA-7C83-40BF-BFAA-DFA138E0C5D2}.Release|Any CPU.Build.0 = Release|Any CPU
		{FE8753C4-8165-4F25-8569-CCC789DE697C}.Debug|Any CPU.ActiveCfg = Debug|Any CPU
		{FE8753C4-8165-4F25-8569-CCC789DE697C}.Debug|Any CPU.Build.0 = Debug|Any CPU
		{FE8753C4-8165-4F25-8569-CCC789DE697C}.Release|Any CPU.ActiveCfg = Release|Any CPU
		{FE8753C4-8165-4F25-8569-CCC789DE697C}.Release|Any CPU.Build.0 = Release|Any CPU
		{76DE134F-BA74-4CE8-B4D0-96B6F9B8B822}.Debug|Any CPU.ActiveCfg = Debug|Any CPU
		{76DE134F-BA74-4CE8-B4D0-96B6F9B8B822}.Debug|Any CPU.Build.0 = Debug|Any CPU
		{76DE134F-BA74-4CE8-B4D0-96B6F9B8B822}.Release|Any CPU.ActiveCfg = Release|Any CPU
		{76DE134F-BA74-4CE8-B4D0-96B6F9B8B822}.Release|Any CPU.Build.0 = Release|Any CPU
		{D9244815-1A33-4DB9-BF1E-31FE53DA29D0}.Debug|Any CPU.ActiveCfg = Debug|Any CPU
		{D9244815-1A33-4DB9-BF1E-31FE53DA29D0}.Debug|Any CPU.Build.0 = Debug|Any CPU
		{D9244815-1A33-4DB9-BF1E-31FE53DA29D0}.Release|Any CPU.ActiveCfg = Release|Any CPU
		{D9244815-1A33-4DB9-BF1E-31FE53DA29D0}.Release|Any CPU.Build.0 = Release|Any CPU
		{491FC617-2E24-410F-B620-977A6C283E5C}.Debug|Any CPU.ActiveCfg = Debug|Any CPU
		{491FC617-2E24-410F-B620-977A6C283E5C}.Debug|Any CPU.Build.0 = Debug|Any CPU
		{491FC617-2E24-410F-B620-977A6C283E5C}.Release|Any CPU.ActiveCfg = Release|Any CPU
		{491FC617-2E24-410F-B620-977A6C283E5C}.Release|Any CPU.Build.0 = Release|Any CPU
	EndGlobalSection
	GlobalSection(SolutionProperties) = preSolution
		HideSolutionNode = FALSE
	EndGlobalSection
	GlobalSection(ExtensibilityGlobals) = postSolution
		SolutionGuid = {F3FAEAC2-0055-4431-8EC2-05B07CBEB4C4}
	EndGlobalSection
EndGlobal
