
Microsoft Visual Studio Solution File, Format Version 12.00
# Visual Studio Version 16
VisualStudioVersion = 16.0.30011.22
MinimumVisualStudioVersion = 10.0.40219.1
Project("{FAE04EC0-301F-11D3-BF4B-00C04F79EFBC}") = "LoadOnDemandHierarchyGrid", "LoadOnDemandHierarchyGrid\LoadOnDemandHierarchyGrid.csproj", "{916F057F-A64D-4D40-9272-2AECB1177F89}"
EndProject
Global
	GlobalSection(SolutionConfigurationPlatforms) = preSolution
		Debug|Any CPU = Debug|Any CPU
		Release|Any CPU = Release|Any CPU
	EndGlobalSection
	GlobalSection(ProjectConfigurationPlatforms) = postSolution
		{916F057F-A64D-4D40-9272-2AECB1177F89}.Debug|Any CPU.ActiveCfg = Debug|Any CPU
		{916F057F-A64D-4D40-9272-2AECB1177F89}.Debug|Any CPU.Build.0 = Debug|Any CPU
		{916F057F-A64D-4D40-9272-2AECB1177F89}.Release|Any CPU.ActiveCfg = Release|Any CPU
		{916F057F-A64D-4D40-9272-2AECB1177F89}.Release|Any CPU.Build.0 = Release|Any CPU
	EndGlobalSection
	GlobalSection(SolutionProperties) = preSolution
		HideSolutionNode = FALSE
	EndGlobalSection
	GlobalSection(ExtensibilityGlobals) = postSolution
		SolutionGuid = {D34C8688-64B9-4EE3-9745-A0906177D839}
	EndGlobalSection
EndGlobal
