
Microsoft Visual Studio Solution File, Format Version 12.00
# Visual Studio Version 16
VisualStudioVersion = 16.0.31515.178
MinimumVisualStudioVersion = 10.0.40219.1
Project("{FAE04EC0-301F-11D3-BF4B-00C04F79EFBC}") = "select-on-load", "select-on-load\select-on-load.csproj", "{8854F53F-702A-4ACE-A628-A16E8382B352}"
EndProject
Global
	GlobalSection(SolutionConfigurationPlatforms) = preSolution
		Debug|Any CPU = Debug|Any CPU
		Release|Any CPU = Release|Any CPU
	EndGlobalSection
	GlobalSection(ProjectConfigurationPlatforms) = postSolution
		{8854F53F-702A-4ACE-A628-A16E8382B352}.Debug|Any CPU.ActiveCfg = Debug|Any CPU
		{8854F53F-702A-4ACE-A628-A16E8382B352}.Debug|Any CPU.Build.0 = Debug|Any CPU
		{8854F53F-702A-4ACE-A628-A16E8382B352}.Release|Any CPU.ActiveCfg = Release|Any CPU
		{8854F53F-702A-4ACE-A628-A16E8382B352}.Release|Any CPU.Build.0 = Release|Any CPU
	EndGlobalSection
	GlobalSection(SolutionProperties) = preSolution
		HideSolutionNode = FALSE
	EndGlobalSection
	GlobalSection(ExtensibilityGlobals) = postSolution
		SolutionGuid = {E8356352-F6A6-4B83-A923-8840B144EA65}
	EndGlobalSection
EndGlobal
