
Microsoft Visual Studio Solution File, Format Version 12.00
# Visual Studio Version 16
VisualStudioVersion = 16.0.30011.22
MinimumVisualStudioVersion = 10.0.40219.1
Project("{9A19103F-16F7-4668-BE54-9A1E7A4F7556}") = "Telerik.Blazor", "..\..\..\blazor\Telerik.Blazor\Telerik.Blazor.csproj", "{18035A57-1E98-4544-AD70-839E55E51B90}"
EndProject
Project("{FAE04EC0-301F-11D3-BF4B-00C04F79EFBC}") = "BindingToExpandoObject", "BindingToExpandoObject\BindingToExpandoObject.csproj", "{9CA085F6-0722-41FB-AA30-9D22175E4BE6}"
EndProject
Global
	GlobalSection(SolutionConfigurationPlatforms) = preSolution
		Debug|Any CPU = Debug|Any CPU
		Release|Any CPU = Release|Any CPU
	EndGlobalSection
	GlobalSection(ProjectConfigurationPlatforms) = postSolution
		{18035A57-1E98-4544-AD70-839E55E51B90}.Debug|Any CPU.ActiveCfg = Debug|Any CPU
		{18035A57-1E98-4544-AD70-839E55E51B90}.Debug|Any CPU.Build.0 = Debug|Any CPU
		{18035A57-1E98-4544-AD70-839E55E51B90}.Release|Any CPU.ActiveCfg = Release|Any CPU
		{18035A57-1E98-4544-AD70-839E55E51B90}.Release|Any CPU.Build.0 = Release|Any CPU
		{9CA085F6-0722-41FB-AA30-9D22175E4BE6}.Debug|Any CPU.ActiveCfg = Debug|Any CPU
		{9CA085F6-0722-41FB-AA30-9D22175E4BE6}.Debug|Any CPU.Build.0 = Debug|Any CPU
		{9CA085F6-0722-41FB-AA30-9D22175E4BE6}.Release|Any CPU.ActiveCfg = Release|Any CPU
		{9CA085F6-0722-41FB-AA30-9D22175E4BE6}.Release|Any CPU.Build.0 = Release|Any CPU
	EndGlobalSection
	GlobalSection(SolutionProperties) = preSolution
		HideSolutionNode = FALSE
	EndGlobalSection
	GlobalSection(ExtensibilityGlobals) = postSolution
		SolutionGuid = {D34C8688-64B9-4EE3-9745-A0906177D839}
	EndGlobalSection
EndGlobal
