
Microsoft Visual Studio Solution File, Format Version 12.00
# Visual Studio Version 16
VisualStudioVersion = 16.0.30002.166
MinimumVisualStudioVersion = 10.0.40219.1
Project("{FAE04EC0-301F-11D3-BF4B-00C04F79EFBC}") = "ServerApp", "ServerApp.csproj", "{71B11D78-A15D-436D-8496-59A847539EA3}"
EndProject
Global
	GlobalSection(SolutionConfigurationPlatforms) = preSolution
		Debug|Any CPU = Debug|Any CPU
		Release|Any CPU = Release|Any CPU
	EndGlobalSection
	GlobalSection(ProjectConfigurationPlatforms) = postSolution
		{71B11D78-A15D-436D-8496-59A847539EA3}.Debug|Any CPU.ActiveCfg = Debug|Any CPU
		{71B11D78-A15D-436D-8496-59A847539EA3}.Debug|Any CPU.Build.0 = Debug|Any CPU
		{71B11D78-A15D-436D-8496-59A847539EA3}.Release|Any CPU.ActiveCfg = Release|Any CPU
		{71B11D78-A15D-436D-8496-59A847539EA3}.Release|Any CPU.Build.0 = Release|Any CPU
	EndGlobalSection
	GlobalSection(SolutionProperties) = preSolution
		HideSolutionNode = FALSE
	EndGlobalSection
	GlobalSection(ExtensibilityGlobals) = postSolution
		SolutionGuid = {4643EADC-3829-438B-A52C-A882DC2C5C5B}
	EndGlobalSection
EndGlobal
