
Microsoft Visual Studio Solution File, Format Version 12.00
# Visual Studio Version 16
VisualStudioVersion = 16.0.31624.102
MinimumVisualStudioVersion = 10.0.40219.1
Project("{9A19103F-16F7-4668-BE54-9A1E7A4F7556}") = "SubscribeToLocationChanged", "SubscribeToLocationChanged.csproj", "{135E8074-1332-460E-B07D-8DD0FEE93EFC}"
EndProject
Global
	GlobalSection(SolutionConfigurationPlatforms) = preSolution
		Debug|Any CPU = Debug|Any CPU
		Release|Any CPU = Release|Any CPU
	EndGlobalSection
	GlobalSection(ProjectConfigurationPlatforms) = postSolution
		{135E8074-1332-460E-B07D-8DD0FEE93EFC}.Debug|Any CPU.ActiveCfg = Debug|Any CPU
		{135E8074-1332-460E-B07D-8DD0FEE93EFC}.Debug|Any CPU.Build.0 = Debug|Any CPU
		{135E8074-1332-460E-B07D-8DD0FEE93EFC}.Release|Any CPU.ActiveCfg = Release|Any CPU
		{135E8074-1332-460E-B07D-8DD0FEE93EFC}.Release|Any CPU.Build.0 = Release|Any CPU
	EndGlobalSection
	GlobalSection(SolutionProperties) = preSolution
		HideSolutionNode = FALSE
	EndGlobalSection
	GlobalSection(ExtensibilityGlobals) = postSolution
		SolutionGuid = {5F2CA9D8-5D86-4A6F-B7D3-E53DD83FF6C3}
	EndGlobalSection
EndGlobal
