
Microsoft Visual Studio Solution File, Format Version 12.00
# Visual Studio Version 17
VisualStudioVersion = 17.2.32317.152
MinimumVisualStudioVersion = 10.0.40219.1
Project("{FAE04EC0-301F-11D3-BF4B-00C04F79EFBC}") = "WindowAsAService", "WindowAsAService.csproj", "{D5C5BACC-762E-4AF1-A2FA-6859F4FEA29E}"
EndProject
Global
	GlobalSection(SolutionConfigurationPlatforms) = preSolution
		Debug|Any CPU = Debug|Any CPU
		Release|Any CPU = Release|Any CPU
	EndGlobalSection
	GlobalSection(ProjectConfigurationPlatforms) = postSolution
		{D5C5BACC-762E-4AF1-A2FA-6859F4FEA29E}.Debug|Any CPU.ActiveCfg = Debug|Any CPU
		{D5C5BACC-762E-4AF1-A2FA-6859F4FEA29E}.Debug|Any CPU.Build.0 = Debug|Any CPU
		{D5C5BACC-762E-4AF1-A2FA-6859F4FEA29E}.Release|Any CPU.ActiveCfg = Release|Any CPU
		{D5C5BACC-762E-4AF1-A2FA-6859F4FEA29E}.Release|Any CPU.Build.0 = Release|Any CPU
	EndGlobalSection
	GlobalSection(SolutionProperties) = preSolution
		HideSolutionNode = FALSE
	EndGlobalSection
	GlobalSection(ExtensibilityGlobals) = postSolution
		SolutionGuid = {A1DB1415-57B1-48AA-937F-98C047054847}
	EndGlobalSection
EndGlobal
