
Microsoft Visual Studio Solution File, Format Version 12.00
# Visual Studio Version 16
VisualStudioVersion = 16.0.30611.23
MinimumVisualStudioVersion = 10.0.40219.1
Project("{FAE04EC0-301F-11D3-BF4B-00C04F79EFBC}") = "DynamicTabs", "DynamicTabs\DynamicTabs.csproj", "{0DEA66DC-FFE0-4FD3-9B43-A83E88E42883}"
EndProject
Global
	GlobalSection(SolutionConfigurationPlatforms) = preSolution
		Debug|Any CPU = Debug|Any CPU
		Release|Any CPU = Release|Any CPU
	EndGlobalSection
	GlobalSection(ProjectConfigurationPlatforms) = postSolution
		{0DEA66DC-FFE0-4FD3-9B43-A83E88E42883}.Debug|Any CPU.ActiveCfg = Debug|Any CPU
		{0DEA66DC-FFE0-4FD3-9B43-A83E88E42883}.Debug|Any CPU.Build.0 = Debug|Any CPU
		{0DEA66DC-FFE0-4FD3-9B43-A83E88E42883}.Release|Any CPU.ActiveCfg = Release|Any CPU
		{0DEA66DC-FFE0-4FD3-9B43-A83E88E42883}.Release|Any CPU.Build.0 = Release|Any CPU
	EndGlobalSection
	GlobalSection(SolutionProperties) = preSolution
		HideSolutionNode = FALSE
	EndGlobalSection
	GlobalSection(ExtensibilityGlobals) = postSolution
		SolutionGuid = {560A7C1F-7506-42C7-968A-4310560002C9}
	EndGlobalSection
EndGlobal
