
Microsoft Visual Studio Solution File, Format Version 12.00
# Visual Studio Version 16
VisualStudioVersion = 16.0.31515.178
MinimumVisualStudioVersion = 10.0.40219.1
Project("{FAE04EC0-301F-11D3-BF4B-00C04F79EFBC}") = "load_appointments_on_demand", "load-appointments-on-demand\load_appointments_on_demand.csproj", "{2DC18C33-BC9B-4652-ACDC-1DEB67B5017E}"
EndProject
Global
	GlobalSection(SolutionConfigurationPlatforms) = preSolution
		Debug|Any CPU = Debug|Any CPU
		Release|Any CPU = Release|Any CPU
	EndGlobalSection
	GlobalSection(ProjectConfigurationPlatforms) = postSolution
		{2DC18C33-BC9B-4652-ACDC-1DEB67B5017E}.Debug|Any CPU.ActiveCfg = Debug|Any CPU
		{2DC18C33-BC9B-4652-ACDC-1DEB67B5017E}.Debug|Any CPU.Build.0 = Debug|Any CPU
		{2DC18C33-BC9B-4652-ACDC-1DEB67B5017E}.Release|Any CPU.ActiveCfg = Release|Any CPU
		{2DC18C33-BC9B-4652-ACDC-1DEB67B5017E}.Release|Any CPU.Build.0 = Release|Any CPU
	EndGlobalSection
	GlobalSection(SolutionProperties) = preSolution
		HideSolutionNode = FALSE
	EndGlobalSection
	GlobalSection(ExtensibilityGlobals) = postSolution
		SolutionGuid = {9F8D80AA-4EC7-4418-A958-9D07621330CB}
	EndGlobalSection
EndGlobal
