
Microsoft Visual Studio Solution File, Format Version 12.00
# Visual Studio Version 16
VisualStudioVersion = 16.0.29806.167
MinimumVisualStudioVersion = 10.0.40219.1
Project("{9A19103F-16F7-4668-BE54-9A1E7A4F7556}") = "TooltipForGridElements", "TooltipForGridElements\TooltipForGridElements.csproj", "{7A0BD7BF-2F69-4E0A-864B-81CA549C4043}"
EndProject
Project("{9A19103F-16F7-4668-BE54-9A1E7A4F7556}") = "Telerik.Blazor", "..\..\..\blazor\Telerik.Blazor\Telerik.Blazor.csproj", "{690A860A-B15C-4C91-A1E2-F9FAC5DCF73C}"
EndProject
Global
	GlobalSection(SolutionConfigurationPlatforms) = preSolution
		Debug|Any CPU = Debug|Any CPU
		Release|Any CPU = Release|Any CPU
	EndGlobalSection
	GlobalSection(ProjectConfigurationPlatforms) = postSolution
		{7A0BD7BF-2F69-4E0A-864B-81CA549C4043}.Debug|Any CPU.ActiveCfg = Debug|Any CPU
		{7A0BD7BF-2F69-4E0A-864B-81CA549C4043}.Debug|Any CPU.Build.0 = Debug|Any CPU
		{7A0BD7BF-2F69-4E0A-864B-81CA549C4043}.Release|Any CPU.ActiveCfg = Release|Any CPU
		{7A0BD7BF-2F69-4E0A-864B-81CA549C4043}.Release|Any CPU.Build.0 = Release|Any CPU
		{690A860A-B15C-4C91-A1E2-F9FAC5DCF73C}.Debug|Any CPU.ActiveCfg = Debug|Any CPU
		{690A860A-B15C-4C91-A1E2-F9FAC5DCF73C}.Debug|Any CPU.Build.0 = Debug|Any CPU
		{690A860A-B15C-4C91-A1E2-F9FAC5DCF73C}.Release|Any CPU.ActiveCfg = Release|Any CPU
		{690A860A-B15C-4C91-A1E2-F9FAC5DCF73C}.Release|Any CPU.Build.0 = Release|Any CPU
	EndGlobalSection
	GlobalSection(SolutionProperties) = preSolution
		HideSolutionNode = FALSE
	EndGlobalSection
	GlobalSection(ExtensibilityGlobals) = postSolution
		SolutionGuid = {DE4F740D-B783-43DD-9CDF-B0CBC22FBC97}
	EndGlobalSection
EndGlobal
