
Microsoft Visual Studio Solution File, Format Version 12.00
# Visual Studio Version 16
VisualStudioVersion = 16.0.30011.22
MinimumVisualStudioVersion = 10.0.40219.1
Project("{FAE04EC0-301F-11D3-BF4B-00C04F79EFBC}") = "ClientLocalizationResx.Server", "Server\ClientLocalizationResx.Server.csproj", "{28FD3469-47DF-4F90-B5C4-FE3756F3706A}"
EndProject
Project("{FAE04EC0-301F-11D3-BF4B-00C04F79EFBC}") = "ClientLocalizationResx.Client", "Client\ClientLocalizationResx.Client.csproj", "{AA52212B-D37E-4005-BCC3-2CDB5711D76D}"
EndProject
Project("{FAE04EC0-301F-11D3-BF4B-00C04F79EFBC}") = "ClientLocalizationResx.Shared", "Shared\ClientLocalizationResx.Shared.csproj", "{BFEA836E-4254-45AB-907D-66AF19022472}"
EndProject
Global
	GlobalSection(SolutionConfigurationPlatforms) = preSolution
		Debug|Any CPU = Debug|Any CPU
		Release|Any CPU = Release|Any CPU
	EndGlobalSection
	GlobalSection(ProjectConfigurationPlatforms) = postSolution
		{28FD3469-47DF-4F90-B5C4-FE3756F3706A}.Debug|Any CPU.ActiveCfg = Debug|Any CPU
		{28FD3469-47DF-4F90-B5C4-FE3756F3706A}.Debug|Any CPU.Build.0 = Debug|Any CPU
		{28FD3469-47DF-4F90-B5C4-FE3756F3706A}.Release|Any CPU.ActiveCfg = Release|Any CPU
		{28FD3469-47DF-4F90-B5C4-FE3756F3706A}.Release|Any CPU.Build.0 = Release|Any CPU
		{AA52212B-D37E-4005-BCC3-2CDB5711D76D}.Debug|Any CPU.ActiveCfg = Debug|Any CPU
		{AA52212B-D37E-4005-BCC3-2CDB5711D76D}.Debug|Any CPU.Build.0 = Debug|Any CPU
		{AA52212B-D37E-4005-BCC3-2CDB5711D76D}.Release|Any CPU.ActiveCfg = Release|Any CPU
		{AA52212B-D37E-4005-BCC3-2CDB5711D76D}.Release|Any CPU.Build.0 = Release|Any CPU
		{BFEA836E-4254-45AB-907D-66AF19022472}.Debug|Any CPU.ActiveCfg = Debug|Any CPU
		{BFEA836E-4254-45AB-907D-66AF19022472}.Debug|Any CPU.Build.0 = Debug|Any CPU
		{BFEA836E-4254-45AB-907D-66AF19022472}.Release|Any CPU.ActiveCfg = Release|Any CPU
		{BFEA836E-4254-45AB-907D-66AF19022472}.Release|Any CPU.Build.0 = Release|Any CPU
	EndGlobalSection
	GlobalSection(SolutionProperties) = preSolution
		HideSolutionNode = FALSE
	EndGlobalSection
	GlobalSection(ExtensibilityGlobals) = postSolution
		SolutionGuid = {844353E3-87C4-4635-AAC7-C0DAE2F93E65}
	EndGlobalSection
EndGlobal
