
Microsoft Visual Studio Solution File, Format Version 12.00
# Visual Studio 15
VisualStudioVersion = 15.0.27703.2000
MinimumVisualStudioVersion = 10.0.40219.1
Project("{FAE04EC0-301F-11D3-BF4B-00C04F79EFBC}") = "TelerikBlazor.Server", "TelerikBlazor.Server\TelerikBlazor.Server.csproj", "{6987CF91-4226-40AC-B432-27E539DABABF}"
EndProject
Project("{FAE04EC0-301F-11D3-BF4B-00C04F79EFBC}") = "TelerikBlazor.App", "TelerikBlazor.App\TelerikBlazor.App.csproj", "{92F33920-B288-4479-A49A-7DE9C9C0F1EB}"
EndProject
Global
	GlobalSection(SolutionConfigurationPlatforms) = preSolution
		Debug|Any CPU = Debug|Any CPU
		Release|Any CPU = Release|Any CPU
	EndGlobalSection
	GlobalSection(ProjectConfigurationPlatforms) = postSolution
		{6987CF91-4226-40AC-B432-27E539DABABF}.Debug|Any CPU.ActiveCfg = Debug|Any CPU
		{6987CF91-4226-40AC-B432-27E539DABABF}.Debug|Any CPU.Build.0 = Debug|Any CPU
		{6987CF91-4226-40AC-B432-27E539DABABF}.Release|Any CPU.ActiveCfg = Release|Any CPU
		{6987CF91-4226-40AC-B432-27E539DABABF}.Release|Any CPU.Build.0 = Release|Any CPU
		{92F33920-B288-4479-A49A-7DE9C9C0F1EB}.Debug|Any CPU.ActiveCfg = Debug|Any CPU
		{92F33920-B288-4479-A49A-7DE9C9C0F1EB}.Debug|Any CPU.Build.0 = Debug|Any CPU
		{92F33920-B288-4479-A49A-7DE9C9C0F1EB}.Release|Any CPU.ActiveCfg = Release|Any CPU
		{92F33920-B288-4479-A49A-7DE9C9C0F1EB}.Release|Any CPU.Build.0 = Release|Any CPU
	EndGlobalSection
	GlobalSection(SolutionProperties) = preSolution
		HideSolutionNode = FALSE
	EndGlobalSection
	GlobalSection(ExtensibilityGlobals) = postSolution
		SolutionGuid = {7C2A5E7E-7CE5-4560-9BBE-C3F4C61CA57F}
	EndGlobalSection
EndGlobal
