
Microsoft Visual Studio Solution File, Format Version 12.00
# Visual Studio Version 16
VisualStudioVersion = 16.0.29505.145
MinimumVisualStudioVersion = 10.0.40219.1
Project("{FAE04EC0-301F-11D3-BF4B-00C04F79EFBC}") = "ConsoleApp1", "ConsoleApp1.csproj", "{2CFA1022-050A-49B2-8BC6-27A19A2C1418}"
EndProject
Global
	GlobalSection(SolutionConfigurationPlatforms) = preSolution
		Debug|Any CPU = Debug|Any CPU
		Release|Any CPU = Release|Any CPU
	EndGlobalSection
	GlobalSection(ProjectConfigurationPlatforms) = postSolution
		{2CFA1022-050A-49B2-8BC6-27A19A2C1418}.Debug|Any CPU.ActiveCfg = Debug|Any CPU
		{2CFA1022-050A-49B2-8BC6-27A19A2C1418}.Debug|Any CPU.Build.0 = Debug|Any CPU
		{2CFA1022-050A-49B2-8BC6-27A19A2C1418}.Release|Any CPU.ActiveCfg = Release|Any CPU
		{2CFA1022-050A-49B2-8BC6-27A19A2C1418}.Release|Any CPU.Build.0 = Release|Any CPU
	EndGlobalSection
	GlobalSection(SolutionProperties) = preSolution
		HideSolutionNode = FALSE
	EndGlobalSection
	GlobalSection(ExtensibilityGlobals) = postSolution
		SolutionGuid = {3925F12B-6369-4635-82B2-784E05BC8F01}
	EndGlobalSection
EndGlobal
