
Microsoft Visual Studio Solution File, Format Version 12.00
# Visual Studio Version 16
VisualStudioVersion = 16.0.30320.27
MinimumVisualStudioVersion = 10.0.40219.1
Project("{FAE04EC0-301F-11D3-BF4B-00C04F79EFBC}") = "Markdown", "Markdown\Markdown.csproj", "{B34DF2BA-D708-46C8-A067-15959D25AB6C}"
EndProject
Global
	GlobalSection(SolutionConfigurationPlatforms) = preSolution
		Debug|Any CPU = Debug|Any CPU
		Release|Any CPU = Release|Any CPU
	EndGlobalSection
	GlobalSection(ProjectConfigurationPlatforms) = postSolution
		{B34DF2BA-D708-46C8-A067-15959D25AB6C}.Debug|Any CPU.ActiveCfg = Debug|Any CPU
		{B34DF2BA-D708-46C8-A067-15959D25AB6C}.Debug|Any CPU.Build.0 = Debug|Any CPU
		{B34DF2BA-D708-46C8-A067-15959D25AB6C}.Release|Any CPU.ActiveCfg = Release|Any CPU
		{B34DF2BA-D708-46C8-A067-15959D25AB6C}.Release|Any CPU.Build.0 = Release|Any CPU
	EndGlobalSection
	GlobalSection(SolutionProperties) = preSolution
		HideSolutionNode = FALSE
	EndGlobalSection
	GlobalSection(ExtensibilityGlobals) = postSolution
		SolutionGuid = {41B4144D-DFD5-483E-8EA5-C364E0A023D5}
	EndGlobalSection
EndGlobal
