
Microsoft Visual Studio Solution File, Format Version 12.00
# Visual Studio Version 16
VisualStudioVersion = 16.0.30907.101
MinimumVisualStudioVersion = 10.0.40219.1
Project("{9A19103F-16F7-4668-BE54-9A1E7A4F7556}") = "AddRemoveTiles", "AddRemoveTiles\AddRemoveTiles.csproj", "{8C7C76F1-E9B7-423D-8C67-E20C8A32B42C}"
EndProject
Global
	GlobalSection(SolutionConfigurationPlatforms) = preSolution
		Debug|Any CPU = Debug|Any CPU
		Release|Any CPU = Release|Any CPU
	EndGlobalSection
	GlobalSection(ProjectConfigurationPlatforms) = postSolution
		{8C7C76F1-E9B7-423D-8C67-E20C8A32B42C}.Debug|Any CPU.ActiveCfg = Debug|Any CPU
		{8C7C76F1-E9B7-423D-8C67-E20C8A32B42C}.Debug|Any CPU.Build.0 = Debug|Any CPU
		{8C7C76F1-E9B7-423D-8C67-E20C8A32B42C}.Release|Any CPU.ActiveCfg = Release|Any CPU
		{8C7C76F1-E9B7-423D-8C67-E20C8A32B42C}.Release|Any CPU.Build.0 = Release|Any CPU
	EndGlobalSection
	GlobalSection(SolutionProperties) = preSolution
		HideSolutionNode = FALSE
	EndGlobalSection
	GlobalSection(ExtensibilityGlobals) = postSolution
		SolutionGuid = {DB4DA000-662F-4EF7-A507-DCAA9C6D5ABF}
	EndGlobalSection
EndGlobal
