
Microsoft Visual Studio Solution File, Format Version 12.00
# Visual Studio Version 16
VisualStudioVersion = 16.0.29505.145
MinimumVisualStudioVersion = 10.0.40219.1
Project("{FAE04EC0-301F-11D3-BF4B-00C04F79EFBC}") = "GrpcInBlazor", "GrpcInBlazor.csproj", "{4893DF1A-C069-4DD3-8F28-9C69311EAF0A}"
EndProject
Project("{9A19103F-16F7-4668-BE54-9A1E7A4F7556}") = "GrpcClientUsers", "..\GrpcClientUsers\GrpcClientUsers.csproj", "{BD863813-C851-4E45-8190-C85B9707367D}"
EndProject
Global
	GlobalSection(SolutionConfigurationPlatforms) = preSolution
		Debug|Any CPU = Debug|Any CPU
		Release|Any CPU = Release|Any CPU
	EndGlobalSection
	GlobalSection(ProjectConfigurationPlatforms) = postSolution
		{4893DF1A-C069-4DD3-8F28-9C69311EAF0A}.Debug|Any CPU.ActiveCfg = Debug|Any CPU
		{4893DF1A-C069-4DD3-8F28-9C69311EAF0A}.Debug|Any CPU.Build.0 = Debug|Any CPU
		{4893DF1A-C069-4DD3-8F28-9C69311EAF0A}.Release|Any CPU.ActiveCfg = Release|Any CPU
		{4893DF1A-C069-4DD3-8F28-9C69311EAF0A}.Release|Any CPU.Build.0 = Release|Any CPU
		{BD863813-C851-4E45-8190-C85B9707367D}.Debug|Any CPU.ActiveCfg = Debug|Any CPU
		{BD863813-C851-4E45-8190-C85B9707367D}.Debug|Any CPU.Build.0 = Debug|Any CPU
		{BD863813-C851-4E45-8190-C85B9707367D}.Release|Any CPU.ActiveCfg = Release|Any CPU
		{BD863813-C851-4E45-8190-C85B9707367D}.Release|Any CPU.Build.0 = Release|Any CPU
	EndGlobalSection
	GlobalSection(SolutionProperties) = preSolution
		HideSolutionNode = FALSE
	EndGlobalSection
	GlobalSection(ExtensibilityGlobals) = postSolution
		SolutionGuid = {603F2B3B-D560-4B81-A3B7-148005AB358A}
	EndGlobalSection
EndGlobal
