
Microsoft Visual Studio Solution File, Format Version 12.00
# Visual Studio Version 16
VisualStudioVersion = 16.0.30626.31
MinimumVisualStudioVersion = 10.0.40219.1
Project("{9A19103F-16F7-4668-BE54-9A1E7A4F7556}") = "LazyLoadTelerikComponents.Server", "LazyLoadTelerikComponents\Server\LazyLoadTelerikComponents.Server.csproj", "{0F51D5A3-DC63-49D9-B31C-C471C6E0F854}"
EndProject
Project("{9A19103F-16F7-4668-BE54-9A1E7A4F7556}") = "LazyLoadTelerikComponents.Client", "LazyLoadTelerikComponents\Client\LazyLoadTelerikComponents.Client.csproj", "{C62933EA-B257-458F-A4AE-26E2BAC3E951}"
EndProject
Project("{9A19103F-16F7-4668-BE54-9A1E7A4F7556}") = "LazyLoadTelerikComponents.Shared", "LazyLoadTelerikComponents\Shared\LazyLoadTelerikComponents.Shared.csproj", "{3310F5CD-9AF9-441B-AD62-7B6A655E19A6}"
EndProject
Global
	GlobalSection(SolutionConfigurationPlatforms) = preSolution
		Debug|Any CPU = Debug|Any CPU
		Release|Any CPU = Release|Any CPU
	EndGlobalSection
	GlobalSection(ProjectConfigurationPlatforms) = postSolution
		{0F51D5A3-DC63-49D9-B31C-C471C6E0F854}.Debug|Any CPU.ActiveCfg = Debug|Any CPU
		{0F51D5A3-DC63-49D9-B31C-C471C6E0F854}.Debug|Any CPU.Build.0 = Debug|Any CPU
		{0F51D5A3-DC63-49D9-B31C-C471C6E0F854}.Release|Any CPU.ActiveCfg = Release|Any CPU
		{0F51D5A3-DC63-49D9-B31C-C471C6E0F854}.Release|Any CPU.Build.0 = Release|Any CPU
		{C62933EA-B257-458F-A4AE-26E2BAC3E951}.Debug|Any CPU.ActiveCfg = Debug|Any CPU
		{C62933EA-B257-458F-A4AE-26E2BAC3E951}.Debug|Any CPU.Build.0 = Debug|Any CPU
		{C62933EA-B257-458F-A4AE-26E2BAC3E951}.Release|Any CPU.ActiveCfg = Release|Any CPU
		{C62933EA-B257-458F-A4AE-26E2BAC3E951}.Release|Any CPU.Build.0 = Release|Any CPU
		{3310F5CD-9AF9-441B-AD62-7B6A655E19A6}.Debug|Any CPU.ActiveCfg = Debug|Any CPU
		{3310F5CD-9AF9-441B-AD62-7B6A655E19A6}.Debug|Any CPU.Build.0 = Debug|Any CPU
		{3310F5CD-9AF9-441B-AD62-7B6A655E19A6}.Release|Any CPU.ActiveCfg = Release|Any CPU
		{3310F5CD-9AF9-441B-AD62-7B6A655E19A6}.Release|Any CPU.Build.0 = Release|Any CPU
	EndGlobalSection
	GlobalSection(SolutionProperties) = preSolution
		HideSolutionNode = FALSE
	EndGlobalSection
	GlobalSection(ExtensibilityGlobals) = postSolution
		SolutionGuid = {C42BA5C0-7683-4BCC-BAE0-28B1CC5506B1}
	EndGlobalSection
EndGlobal
