
Microsoft Visual Studio Solution File, Format Version 12.00
# Visual Studio Version 16
VisualStudioVersion = 16.0.31129.286
MinimumVisualStudioVersion = 10.0.40219.1
Project("{9A19103F-16F7-4668-BE54-9A1E7A4F7556}") = "loader_container_main_layout_usage", "loader-container-main-layout-usage\loader_container_main_layout_usage.csproj", "{59676D35-A8EB-434E-8926-30ECC3228E14}"
EndProject
Global
	GlobalSection(SolutionConfigurationPlatforms) = preSolution
		Debug|Any CPU = Debug|Any CPU
		Release|Any CPU = Release|Any CPU
	EndGlobalSection
	GlobalSection(ProjectConfigurationPlatforms) = postSolution
		{59676D35-A8EB-434E-8926-30ECC3228E14}.Debug|Any CPU.ActiveCfg = Debug|Any CPU
		{59676D35-A8EB-434E-8926-30ECC3228E14}.Debug|Any CPU.Build.0 = Debug|Any CPU
		{59676D35-A8EB-434E-8926-30ECC3228E14}.Release|Any CPU.ActiveCfg = Release|Any CPU
		{59676D35-A8EB-434E-8926-30ECC3228E14}.Release|Any CPU.Build.0 = Release|Any CPU
	EndGlobalSection
	GlobalSection(SolutionProperties) = preSolution
		HideSolutionNode = FALSE
	EndGlobalSection
	GlobalSection(ExtensibilityGlobals) = postSolution
		SolutionGuid = {ED5EC6D5-6B95-4410-803E-BEC411B4A1DC}
	EndGlobalSection
EndGlobal
