
Microsoft Visual Studio Solution File, Format Version 12.00
# Visual Studio Version 16
VisualStudioVersion = 16.0.31019.35
MinimumVisualStudioVersion = 10.0.40219.1
Project("{9A19103F-16F7-4668-BE54-9A1E7A4F7556}") = "block_all_content", "block-all-content\block_all_content.csproj", "{2E918576-4265-4E67-8910-9036657D76BA}"
EndProject
Global
	GlobalSection(SolutionConfigurationPlatforms) = preSolution
		Debug|Any CPU = Debug|Any CPU
		Release|Any CPU = Release|Any CPU
	EndGlobalSection
	GlobalSection(ProjectConfigurationPlatforms) = postSolution
		{2E918576-4265-4E67-8910-9036657D76BA}.Debug|Any CPU.ActiveCfg = Debug|Any CPU
		{2E918576-4265-4E67-8910-9036657D76BA}.Debug|Any CPU.Build.0 = Debug|Any CPU
		{2E918576-4265-4E67-8910-9036657D76BA}.Release|Any CPU.ActiveCfg = Release|Any CPU
		{2E918576-4265-4E67-8910-9036657D76BA}.Release|Any CPU.Build.0 = Release|Any CPU
	EndGlobalSection
	GlobalSection(SolutionProperties) = preSolution
		HideSolutionNode = FALSE
	EndGlobalSection
	GlobalSection(ExtensibilityGlobals) = postSolution
		SolutionGuid = {75DFB1CC-0100-47D5-BABC-12AE3777BE82}
	EndGlobalSection
EndGlobal
