
Microsoft Visual Studio Solution File, Format Version 12.00
# Visual Studio Version 16
VisualStudioVersion = 16.0.31129.286
MinimumVisualStudioVersion = 10.0.40219.1
Project("{FAE04EC0-301F-11D3-BF4B-00C04F79EFBC}") = "RemoteValidationInGridEditorTemplate.Server", "RemoteValidationInGridEditorTemplate\Server\RemoteValidationInGridEditorTemplate.Server.csproj", "{3BED884A-962F-49EF-8A17-A092EFE8BD3A}"
EndProject
Project("{FAE04EC0-301F-11D3-BF4B-00C04F79EFBC}") = "RemoteValidationInGridEditorTemplate.Client", "RemoteValidationInGridEditorTemplate\Client\RemoteValidationInGridEditorTemplate.Client.csproj", "{205EF599-0E53-4C81-99B4-4016AD820BA2}"
EndProject
Project("{FAE04EC0-301F-11D3-BF4B-00C04F79EFBC}") = "RemoteValidationInGridEditorTemplate.Shared", "RemoteValidationInGridEditorTemplate\Shared\RemoteValidationInGridEditorTemplate.Shared.csproj", "{CE2FDED2-666B-40D0-8C28-11DB93CD0E56}"
EndProject
Global
	GlobalSection(SolutionConfigurationPlatforms) = preSolution
		Debug|Any CPU = Debug|Any CPU
		Release|Any CPU = Release|Any CPU
	EndGlobalSection
	GlobalSection(ProjectConfigurationPlatforms) = postSolution
		{3BED884A-962F-49EF-8A17-A092EFE8BD3A}.Debug|Any CPU.ActiveCfg = Debug|Any CPU
		{3BED884A-962F-49EF-8A17-A092EFE8BD3A}.Debug|Any CPU.Build.0 = Debug|Any CPU
		{3BED884A-962F-49EF-8A17-A092EFE8BD3A}.Release|Any CPU.ActiveCfg = Release|Any CPU
		{3BED884A-962F-49EF-8A17-A092EFE8BD3A}.Release|Any CPU.Build.0 = Release|Any CPU
		{205EF599-0E53-4C81-99B4-4016AD820BA2}.Debug|Any CPU.ActiveCfg = Debug|Any CPU
		{205EF599-0E53-4C81-99B4-4016AD820BA2}.Debug|Any CPU.Build.0 = Debug|Any CPU
		{205EF599-0E53-4C81-99B4-4016AD820BA2}.Release|Any CPU.ActiveCfg = Release|Any CPU
		{205EF599-0E53-4C81-99B4-4016AD820BA2}.Release|Any CPU.Build.0 = Release|Any CPU
		{CE2FDED2-666B-40D0-8C28-11DB93CD0E56}.Debug|Any CPU.ActiveCfg = Debug|Any CPU
		{CE2FDED2-666B-40D0-8C28-11DB93CD0E56}.Debug|Any CPU.Build.0 = Debug|Any CPU
		{CE2FDED2-666B-40D0-8C28-11DB93CD0E56}.Release|Any CPU.ActiveCfg = Release|Any CPU
		{CE2FDED2-666B-40D0-8C28-11DB93CD0E56}.Release|Any CPU.Build.0 = Release|Any CPU
	EndGlobalSection
	GlobalSection(SolutionProperties) = preSolution
		HideSolutionNode = FALSE
	EndGlobalSection
	GlobalSection(ExtensibilityGlobals) = postSolution
		SolutionGuid = {2708512F-644C-4167-BAC7-B105B98BFF07}
	EndGlobalSection
EndGlobal
