
Microsoft Visual Studio Solution File, Format Version 12.00
# Visual Studio Version 17
VisualStudioVersion = 17.4.33103.184
MinimumVisualStudioVersion = 10.0.40219.1
Project("{FAE04EC0-301F-11D3-BF4B-00C04F79EFBC}") = "TelerikBlazorWASMAdmin.Server", "TelerikBlazorWASMAdmin\TelerikBlazorWASMAdmin.Server.csproj", "{F435D179-0B65-42C9-8B8A-438ED81867B1}"
EndProject
Project("{FAE04EC0-301F-11D3-BF4B-00C04F79EFBC}") = "TelerikBlazorWASMAdmin.Client", "TelerikBlazorWASMAdmin.Client\TelerikBlazorWASMAdmin.Client.csproj", "{12DC2D85-3C91-4892-9419-12B8660D1BC4}"
EndProject
Project("{FAE04EC0-301F-11D3-BF4B-00C04F79EFBC}") = "TelerikBlazorWASMAdmin.Shared", "TelerikBlazorWASMAdmin.Shared\TelerikBlazorWASMAdmin.Shared.csproj", "{C526C5F4-0A77-46AE-86A7-23F150DB21CE}"
EndProject
Global
	GlobalSection(SolutionConfigurationPlatforms) = preSolution
		Debug|Any CPU = Debug|Any CPU
		Release|Any CPU = Release|Any CPU
	EndGlobalSection
	GlobalSection(ProjectConfigurationPlatforms) = postSolution
		{F435D179-0B65-42C9-8B8A-438ED81867B1}.Debug|Any CPU.ActiveCfg = Debug|Any CPU
		{F435D179-0B65-42C9-8B8A-438ED81867B1}.Debug|Any CPU.Build.0 = Debug|Any CPU
		{F435D179-0B65-42C9-8B8A-438ED81867B1}.Release|Any CPU.ActiveCfg = Release|Any CPU
		{F435D179-0B65-42C9-8B8A-438ED81867B1}.Release|Any CPU.Build.0 = Release|Any CPU
		{12DC2D85-3C91-4892-9419-12B8660D1BC4}.Debug|Any CPU.ActiveCfg = Debug|Any CPU
		{12DC2D85-3C91-4892-9419-12B8660D1BC4}.Debug|Any CPU.Build.0 = Debug|Any CPU
		{12DC2D85-3C91-4892-9419-12B8660D1BC4}.Release|Any CPU.ActiveCfg = Release|Any CPU
		{12DC2D85-3C91-4892-9419-12B8660D1BC4}.Release|Any CPU.Build.0 = Release|Any CPU
		{C526C5F4-0A77-46AE-86A7-23F150DB21CE}.Debug|Any CPU.ActiveCfg = Debug|Any CPU
		{C526C5F4-0A77-46AE-86A7-23F150DB21CE}.Debug|Any CPU.Build.0 = Debug|Any CPU
		{C526C5F4-0A77-46AE-86A7-23F150DB21CE}.Release|Any CPU.ActiveCfg = Release|Any CPU
		{C526C5F4-0A77-46AE-86A7-23F150DB21CE}.Release|Any CPU.Build.0 = Release|Any CPU
	EndGlobalSection
	GlobalSection(SolutionProperties) = preSolution
		HideSolutionNode = FALSE
	EndGlobalSection
	GlobalSection(ExtensibilityGlobals) = postSolution
		SolutionGuid = {56FB1DB1-92FA-4660-A10C-95EEE1FD6DEA}
	EndGlobalSection
EndGlobal
