
Microsoft Visual Studio Solution File, Format Version 12.00
# Visual Studio Version 17
VisualStudioVersion = 17.14.36408.4 d17.14
MinimumVisualStudioVersion = 10.0.40219.1
Project("{FAE04EC0-301F-11D3-BF4B-00C04F79EFBC}") = "BlazorHealthcareApp", "BlazorHealthcareApp.csproj", "{60662D30-DCAD-00EA-A565-479C3D6C62DD}"
EndProject
Global
	GlobalSection(SolutionConfigurationPlatforms) = preSolution
		Debug|Any CPU = Debug|Any CPU
		Release|Any CPU = Release|Any CPU
	EndGlobalSection
	GlobalSection(ProjectConfigurationPlatforms) = postSolution
		{60662D30-DCAD-00EA-A565-479C3D6C62DD}.Debug|Any CPU.ActiveCfg = Debug|Any CPU
		{60662D30-DCAD-00EA-A565-479C3D6C62DD}.Debug|Any CPU.Build.0 = Debug|Any CPU
		{60662D30-DCAD-00EA-A565-479C3D6C62DD}.Release|Any CPU.ActiveCfg = Release|Any CPU
		{60662D30-DCAD-00EA-A565-479C3D6C62DD}.Release|Any CPU.Build.0 = Release|Any CPU
	EndGlobalSection
	GlobalSection(SolutionProperties) = preSolution
		HideSolutionNode = FALSE
	EndGlobalSection
	GlobalSection(ExtensibilityGlobals) = postSolution
		SolutionGuid = {F9AAA812-B0E9-4AB0-89D6-2A0F79684C95}
	EndGlobalSection
EndGlobal
